
Microsoft Visual Studio Solution File, Format Version 12.00
# Visual Studio Version 16
VisualStudioVersion = 25.0.1705.3
MinimumVisualStudioVersion = 10.0.40219.1
Project("{FAE04EC0-301F-11D3-BF4B-00C04F79EFBC}") = "MovieStoreNhi", "MovieStoreNhi\MovieStoreNhi.csproj", "{695EB2B3-607E-4C96-A656-16B872A10076}"
EndProject
Global
	GlobalSection(SolutionConfigurationPlatforms) = preSolution
		Debug|Any CPU = Debug|Any CPU
		Release|Any CPU = Release|Any CPU
	EndGlobalSection
	GlobalSection(ProjectConfigurationPlatforms) = postSolution
		{695EB2B3-607E-4C96-A656-16B872A10076}.Debug|Any CPU.ActiveCfg = Debug|Any CPU
		{695EB2B3-607E-4C96-A656-16B872A10076}.Debug|Any CPU.Build.0 = Debug|Any CPU
		{695EB2B3-607E-4C96-A656-16B872A10076}.Release|Any CPU.ActiveCfg = Release|Any CPU
		{695EB2B3-607E-4C96-A656-16B872A10076}.Release|Any CPU.Build.0 = Release|Any CPU
	EndGlobalSection
	GlobalSection(SolutionProperties) = preSolution
		HideSolutionNode = FALSE
	EndGlobalSection
	GlobalSection(ExtensibilityGlobals) = postSolution
		SolutionGuid = {7955E20F-F66F-40F3-8AB9-F007D3825515}
	EndGlobalSection
EndGlobal
